[aibox]
cli_version = "0.25.14"
synced_at = "2026-05-13T15:25:30.194342+00:00"

[processkit]
source = "https://github.com/projectious-work/processkit.git"
version = "v0.26.5"
src_path = "src"
release_asset_sha256 = "db3af5eb10c8aa95099dbf273f2da48e25966c3706f41ba8f2e0be564e2eb789"
installed_at = "2026-05-13T15:25:30.194342+00:00"
processkit_install_hash = "4c1a9c84015dc6e2c374c69fd6910cdb9764edbfff3fecfda27ffd6b0390d875"

[addons]
resolved_at = "2026-05-09T11:20:52Z"

[addons.tools]

[addons.previous_selection]
docs-docusaurus = ["docusaurus"]
git-ui = ["gh"]
node = [
    "node",
    "pnpm",
]
python = [
    "python",
    "uv",
]

[runtime_home]
generated_at = "2026-05-13T18:27:29.570181+00:00"

[runtime_home.files]
".asoundrc" = "f34609b11d315cd613cb5333b561032baec860faf4a7eccb28b5567ae72019af"
".config/cheatsheet.txt" = "6bcc1369bd8790958c96d60cc460af22aa20545557dc397ed7e5e27c4dcbf060"
".config/git/config" = "512a00e2c81ab1b9b7b8dce0777043cbdb6cd0030f0cabd4b6d99b93efc0b833"
".config/lnav/formats/aibox/aibox.json" = "10e1af791380119ecd6860f8d31becb183a26b01868d9b20b2e277177e17c660"
".config/starship.toml" = "6deb2846348b3113b7074717d98a17d15a9d395b6b80fdbb9f0953711ef77524"
".config/tmux/aibox-powerkit-overrides.tmux" = "346813730f48076be6ea5f333cdb1f4391caf286bdd5ef0e22a6458c358aabeb"
".config/tmux/aibox-session.sh" = "34ede097668c0c7d82c153146aba7583741c6bf18501fdf8e3a1003d2ce13c6a"
".config/tmux/layouts/ai.sh" = "aaa70761fc335d2befcc34b01a05285b772887c975ebd627c9a5f1eeac4bb252"
".config/tmux/layouts/cowork.sh" = "41cd11fedf3ba01fd41bdcad1936af759e0b7a311a82a4be83655089b6bdfdd9"
".config/tmux/layouts/dev.sh" = "2008d5fedfef18ea26e98739cfb28276325c14633c464696683ff4bfdc04f1b8"
".config/tmux/layouts/focus.sh" = "81b01d574c7741497240ff0c8bf547bfacdee5d42834f77f08dcaa7babaa8fff"
".config/tmux/tmux.conf" = "e4d71d6c4b07d900f86264de6cde99186335a9f52f8f641644e23ff1af2e6d59"
".config/yazi/init.lua" = "eae04462c0b3bcbb486ee59aa9c2c9e9595680a0626997c942e5abb2ae5a48d7"
".config/yazi/keymap.toml" = "0b20be4e5f58d0af2ba72b8621e288ef2d6a7665a8a73c5fca5a172f83c6ebdd"
".config/yazi/plugins/dir-preview.yazi/main.lua" = "1700f0400a0a8362d895d247b27bfae2478c1e76385d4b076846a6a7c16c74f4"
".config/yazi/plugins/eps.yazi/init.lua" = "edeaadeff1411fc9749eeae43c77754fd749db74790591ba75e9286ff36e94c5"
".config/yazi/plugins/git.yazi/main.lua" = "855f6bdf0ee33f503f575c2d75795c98ab1a9893c655940caf333d8fc87dc477"
".config/yazi/plugins/git.yazi/types.lua" = "16c54022dd327c35f533534f0b6995d800965e96d76f2e610b8b2fca0e5b4549"
".config/yazi/plugins/rich-preview.yazi/main.lua" = "b674e1ab9aafb962a9f5350d3d770b959e954d0c03e9ec9a97e837d1b095a358"
".config/yazi/plugins/status-git.yazi/main.lua" = "bedc0ba5bf4ea01605b1b7cb444ee3a09b0a4ba35ce99306d974d5977a4d32d2"
".config/yazi/plugins/svg.yazi/init.lua" = "ba5e7ebbb9870eda80d7be179010494cac3896b4b29fb8f1011809e217ecc278"
".config/yazi/plugins/toggle-pane.yazi/main.lua" = "86b2306f6c9d880f0a6f777bdefb451393eb6a0c88718be355ebe31495e59f1c"
".config/yazi/theme.toml" = "7c16347022fa6e9835765199d4d76c82bcfdfa6bb5c987c31f921db402040adb"
".config/yazi/yazi.toml" = "2df8fa293ea293415dc4f3eefd3120f741ddbbcbf4cff4d59353acdbc192ed61"
".inputrc" = "3763b3a9d37f05ca7c035579bc5419b664c3b33c5ce9a0c4ce5d00fbe75ec237"
".local/bin/aibox-copy" = "6dd491292c3c0f86b862112b7e2029cee02d2c79bbc95aef1fc037311a014402"
".local/bin/aibox-powerkit-render-list" = "ee3bdd9285a195e14577176363b812ddf9e80570a7be30e463333817bb15d20f"
".local/bin/aibox-powerkit-render-session" = "748d63a89f81b8571a7e78ec82643053ea5b461efd690514e330295524caad30"
".local/bin/aibox-preview" = "ebb95e7dc14aa90a64114300903fd6089f276622555e1eccd5f1e6393dee2781"
".local/bin/aibox-status-toggle" = "026c6a1dc7f1bcf650aa0bd4f587adfb5de6744df66fc138bef9b435bad1049a"
".local/bin/open-in-editor" = "ec4c0ecf1c4c01582c8b16a1bb2a06f364f3a9a9bab14976c5da17573b047145"
".local/bin/pdf-watch" = "b6becd1df4a32ff27f5c93e514e6d31e5743f9282f40ce7290b8432207d85934"
".vim/vimrc" = "d06fedc6001c9d4ead6674eeaf3bc4646fcec4fa688335fcc5089e4505c06a21"

[harnesses]
recorded_at = "2026-05-09T11:20:52Z"
previous_selection = [
    "claude",
    "codex",
]
