[aibox]
cli_version = "0.26.5"
synced_at = "2026-05-16T17:46:17.011387+00:00"

[processkit]
source = "https://github.com/projectious-work/processkit.git"
version = "v0.26.14"
src_path = "src"
release_asset_sha256 = "c260f7ec44c0c0df814c7491721360627f41d61ee284d8fd450e03c1005b6cff"
installed_at = "2026-05-16T17:46:17.011387+00:00"
processkit_install_hash = "v2:f40a661c13b43987474f8513d645c62e6cde3efc3fe55fdb73620f1e551d425b"

[addons]
resolved_at = "2026-05-09T11:20:52Z"

[addons.tools]

[addons.previous_selection]
docs-docusaurus = ["docusaurus"]
git-ui = ["gh"]
node = [
    "node",
    "pnpm",
]
python = [
    "python",
    "uv",
]

[runtime_home]
generated_at = "2026-05-16T09:51:38.877558+00:00"

[runtime_home.files]
".asoundrc" = "f34609b11d315cd613cb5333b561032baec860faf4a7eccb28b5567ae72019af"
".config/aibox/theme-env.sh" = "47022ee9db045559af31343b1ec30f3287626f7be868ee118941ce65b6a68a0d"
".config/cheatsheet.txt" = "2cccd6002a90d8539c187ea412f59a654c2622017519f868887668897985c32c"
".config/git/config" = "fd9f76744e8c202092c02a31913f81e501e4502c077e51969d2584db5eadf753"
".config/lnav/config.json" = "5ff30db2fce0d3e56843dd771f1c48ffbbc6a586ea22aa5f97360b59906c10c7"
".config/lnav/formats/aibox/aibox.json" = "10e1af791380119ecd6860f8d31becb183a26b01868d9b20b2e277177e17c660"
".config/starship.toml" = "78f7f2ec35e2569eaa3cdffb2774413feda577183326d4f28688eccb6b64a641"
".config/tmux/aibox-powerkit-overrides.tmux" = "6363dc40a51d658e9f2bfc595f1a0eaac7f208a7989a22bbd59d39a292849557"
".config/tmux/aibox-powerkit-theme.sh" = "0587574b6ed1a68bd116ce63a7814d66e540c315f122d0b6160297ed7f936658"
".config/tmux/aibox-session.sh" = "34ede097668c0c7d82c153146aba7583741c6bf18501fdf8e3a1003d2ce13c6a"
".config/tmux/layouts/ai.sh" = "761b0f80a093df10fd36d42723568a26c01d40d5b21721a02c35d74625d659be"
".config/tmux/layouts/cowork.sh" = "30b423a0006afb5b314634ea599e4ebf8a314aade2dd5621841751a657ed7d89"
".config/tmux/layouts/dev.sh" = "92f56f6ef62b3d72f37042d7e3e8e83689ac8a86d89472a15a746c9c2f47c9fe"
".config/tmux/layouts/focus.sh" = "b3493be52ad30f295b8f90e460f54aafdf8da6d84f379fcbdfc22f4d04ff233e"
".config/tmux/tmux.conf" = "dde5d118c82c2ffd2ecdf5c0c137bf8de8c935ac84581d78246f10242e48a00e"
".config/yazi/init.lua" = "eae04462c0b3bcbb486ee59aa9c2c9e9595680a0626997c942e5abb2ae5a48d7"
".config/yazi/keymap.toml" = "0b20be4e5f58d0af2ba72b8621e288ef2d6a7665a8a73c5fca5a172f83c6ebdd"
".config/yazi/plugins/dir-preview.yazi/main.lua" = "1700f0400a0a8362d895d247b27bfae2478c1e76385d4b076846a6a7c16c74f4"
".config/yazi/plugins/eps.yazi/init.lua" = "edeaadeff1411fc9749eeae43c77754fd749db74790591ba75e9286ff36e94c5"
".config/yazi/plugins/git.yazi/main.lua" = "855f6bdf0ee33f503f575c2d75795c98ab1a9893c655940caf333d8fc87dc477"
".config/yazi/plugins/git.yazi/types.lua" = "16c54022dd327c35f533534f0b6995d800965e96d76f2e610b8b2fca0e5b4549"
".config/yazi/plugins/rich-preview.yazi/main.lua" = "06ebdf2c2d637c0d5c68c8516c87b376ea29a94756cd91a8ffef6d2819759077"
".config/yazi/plugins/status-git.yazi/main.lua" = "bedc0ba5bf4ea01605b1b7cb444ee3a09b0a4ba35ce99306d974d5977a4d32d2"
".config/yazi/plugins/svg.yazi/init.lua" = "ba5e7ebbb9870eda80d7be179010494cac3896b4b29fb8f1011809e217ecc278"
".config/yazi/plugins/toggle-pane.yazi/main.lua" = "86b2306f6c9d880f0a6f777bdefb451393eb6a0c88718be355ebe31495e59f1c"
".config/yazi/theme.toml" = "e2871480dc503c970fe8defedbdddaf222f694fa979e570aacf2fc8d435fc13c"
".config/yazi/yazi.toml" = "2df8fa293ea293415dc4f3eefd3120f741ddbbcbf4cff4d59353acdbc192ed61"
".inputrc" = "3763b3a9d37f05ca7c035579bc5419b664c3b33c5ce9a0c4ce5d00fbe75ec237"
".local/bin/aibox-copy" = "6dd491292c3c0f86b862112b7e2029cee02d2c79bbc95aef1fc037311a014402"
".local/bin/aibox-powerkit-render-list" = "ee3bdd9285a195e14577176363b812ddf9e80570a7be30e463333817bb15d20f"
".local/bin/aibox-powerkit-render-session" = "748d63a89f81b8571a7e78ec82643053ea5b461efd690514e330295524caad30"
".local/bin/aibox-preview" = "d0d568ae510a3decb743da7458320755f84b5a3627703e601b82701e0fb4413c"
".local/bin/aibox-status-toggle" = "026c6a1dc7f1bcf650aa0bd4f587adfb5de6744df66fc138bef9b435bad1049a"
".local/bin/aibox-tmux-cheatsheet" = "8319f862689cfbdf8143cccb4000379760121a107bba893220a6cd06f2fc41b2"
".local/bin/aibox-tmux-confirm-and-switch" = "a8771bb55db28dc35a7c1cfb742ec60299784b96cd8550e45aaac1cae19446f2"
".local/bin/aibox-tmux-refresh-theme" = "9d356df104e44231733751623fb16731dc7fdb9b08e0c651e31f4098785ea528"
".local/bin/aibox-tmux-switch-layout" = "0bd371bed88078b2a0b40ab5a46039c2638ab667b976fe9570074da800364689"
".local/bin/open-in-editor" = "ec4c0ecf1c4c01582c8b16a1bb2a06f364f3a9a9bab14976c5da17573b047145"
".local/bin/pdf-watch" = "b6becd1df4a32ff27f5c93e514e6d31e5743f9282f40ce7290b8432207d85934"
".vim/colors/aibox.vim" = "c1face4a665fc14c5eca8520bc5cf22c503e9970bdfbeeb37cf0b549c44c66a1"
".vim/vimrc" = "9708b036a886ed2c0248bb6df3ce4b1ab627ad006e8ff41f7f525f864feada9e"

[harnesses]
recorded_at = "2026-05-09T11:20:52Z"
previous_selection = [
    "claude",
    "codex",
]
