[aibox]
cli_version = "0.23.2"
synced_at = "2026-05-03T11:36:42.510357+00:00"

[processkit]
source = "https://github.com/projectious-work/processkit.git"
version = "v0.25.3"
src_path = "src"
release_asset_sha256 = "30e03e8f7ea08edfeee3c2c5224dd2734389679033387ead783e6ee2c1ac8048"
installed_at = "2026-05-03T11:36:42.510357+00:00"
processkit_install_hash = "e8757fe6466d7f230abf26e9b831f374c8041cd1078a2b6a26ba0f03fcea6a68"

[runtime_home]
generated_at = "2026-05-03T11:36:42.648716+00:00"

[runtime_home.files]
".asoundrc" = "f34609b11d315cd613cb5333b561032baec860faf4a7eccb28b5567ae72019af"
".config/cheatsheet.txt" = "599b0d9eafcf5107d6a8777edf9f79373230480dadf78a3a0d6a0a09ea6aba2e"
".config/git/config" = "512a00e2c81ab1b9b7b8dce0777043cbdb6cd0030f0cabd4b6d99b93efc0b833"
".config/starship.toml" = "c2e6feaab7ee0e08d9a40d5d9a6294ebfb4074f2f4b23945538547b973b33f79"
".config/yazi/init.lua" = "8930cac032d31c2b5632f2bcbedc4fb6932eb5291396ddca741a756b63a8c72e"
".config/yazi/keymap.toml" = "bb64fa6892df8a6b4ba99571926dfa0898691cc18089eac7d7518b92bd553882"
".config/yazi/plugins/dir-preview.yazi/main.lua" = "69aa28981fd21c7e35fd97bc7d15a94d44eb234d40755027d086c6c1ec166dc1"
".config/yazi/plugins/eps.yazi/init.lua" = "edeaadeff1411fc9749eeae43c77754fd749db74790591ba75e9286ff36e94c5"
".config/yazi/plugins/git.yazi/main.lua" = "a15bdc030cee94e1cdccb7894c98b96a40a360225c7c8383080f1770de0a3a29"
".config/yazi/plugins/git.yazi/types.lua" = "16c54022dd327c35f533534f0b6995d800965e96d76f2e610b8b2fca0e5b4549"
".config/yazi/plugins/status-git.yazi/main.lua" = "bedc0ba5bf4ea01605b1b7cb444ee3a09b0a4ba35ce99306d974d5977a4d32d2"
".config/yazi/plugins/svg.yazi/init.lua" = "ba5e7ebbb9870eda80d7be179010494cac3896b4b29fb8f1011809e217ecc278"
".config/yazi/plugins/toggle-pane.yazi/main.lua" = "86b2306f6c9d880f0a6f777bdefb451393eb6a0c88718be355ebe31495e59f1c"
".config/yazi/theme.toml" = "4aa7fc2cb9cc5fae69a7fe4f71e6b08d931bce98c88b118841531c94240c1c18"
".config/yazi/yazi.toml" = "055d833513af4ac24f0c71086294408705c2ef55d17a8cd750fdeab49ff97909"
".config/zellij/config.kdl" = "56d40f0295492eace323946f0b0629e614e9d52440c7d5371a4c254f0f482915"
".config/zellij/layouts/ai.kdl" = "b9700763b6d7557084f947325af8db176c1cf9f3d8256a04b3b5c9d4c74df63f"
".config/zellij/layouts/aibox-status-hidden.kdl" = "55ff5a56b8f7cd090f85fc496b2adf14592565b42a9bc34fc26381523d659f96"
".config/zellij/layouts/aibox-status-visible.kdl" = "908841d9e3ded8fc0834a1e9737a1578d63c7d8326c280bfdbce3635fd81bdb8"
".config/zellij/layouts/browse.kdl" = "323d2e60e5ab0e5b2d2c309002401d7c4744b000ac0c2531964cea6168dcb272"
".config/zellij/layouts/cowork-swap.kdl" = "540e8e74f0d2057a34a3b21906de8e492567d0a2bf815c317e46a5cd6e324330"
".config/zellij/layouts/cowork.kdl" = "5d9ee9fe64e00389a08a532cf609e55971864b87f214e0b7c68f07d92339b50b"
".config/zellij/layouts/dev.kdl" = "c57a1348f4acaff93b416aa70a0abb00092591b512e67e00c4bb7258cb568647"
".config/zellij/layouts/focus.kdl" = "2e97ae7210ec1bc6bb390f677356d2f8f2c573be7c4295f46a03b33c7be9f190"
".config/zellij/themes/dracula.kdl" = "f14bc0e1566f0d90a3e6795ceef573413108b672238d86e84744faa5423d7d34"
".local/bin/aibox-status" = "3dcc02cfb315fd25826bf532fedfc89f293507218b4d2119649396e28cf92b66"
".local/bin/aibox-status-toggle" = "f8863f7495c59f75a23a1c062e3e67e4329b7f92d1a7c7178dfedec51fee9e4d"
".local/bin/pdf-watch" = "b6becd1df4a32ff27f5c93e514e6d31e5743f9282f40ce7290b8432207d85934"
".vim/vimrc" = "e1821140f7228bedcd147c6f75e23b8ad3de78854ad7896e99a4a812d1449799"
